Microsoft Visual Studio Solution File, Format Version 11.00
# Visual Studio 2008

Project("{4416032C-8B09-0AB3-C951-FCCE71021963}") = "project 3", "Assembly-CSharp-firstpass.csproj", "{ED925342-0C58-0179-FC3E-A44CB501BFED}"
EndProject
Project("{4416032C-8B09-0AB3-C951-FCCE71021963}") = "project 3", "Assembly-CSharp.csproj", "{ABF5A632-C89B-DEBB-D898-3F64E8D14A27}"
EndProject
Project("{4416032C-8B09-0AB3-C951-FCCE71021963}") = "project 3", "Assembly-UnityScript-firstpass.unityproj", "{C888B5B4-56F2-C399-767B-C064D2CA26D4}"
EndProject
Project("{4416032C-8B09-0AB3-C951-FCCE71021963}") = "project 3", "Assembly-UnityScript.unityproj", "{9A1D8A13-B147-982D-32C8-BE17B4DD4B57}"
EndProject
Global
	GlobalSection(SolutionConfigurationPlatforms) = preSolution
		Debug|Any CPU = Debug|Any CPU
		Release|Any CPU = Release|Any CPU
	EndGlobalSection
	GlobalSection(ProjectConfigurationPlatforms) = postSolution
		{ED925342-0C58-0179-FC3E-A44CB501BFED}.Debug|Any CPU.ActiveCfg = Debug|Any CPU
		{ED925342-0C58-0179-FC3E-A44CB501BFED}.Debug|Any CPU.Build.0 = Debug|Any CPU
		{ED925342-0C58-0179-FC3E-A44CB501BFED}.Release|Any CPU.ActiveCfg = Release|Any CPU
		{ED925342-0C58-0179-FC3E-A44CB501BFED}.Release|Any CPU.Build.0 = Release|Any CPU
		{ABF5A632-C89B-DEBB-D898-3F64E8D14A27}.Debug|Any CPU.ActiveCfg = Debug|Any CPU
		{ABF5A632-C89B-DEBB-D898-3F64E8D14A27}.Debug|Any CPU.Build.0 = Debug|Any CPU
		{ABF5A632-C89B-DEBB-D898-3F64E8D14A27}.Release|Any CPU.ActiveCfg = Release|Any CPU
		{ABF5A632-C89B-DEBB-D898-3F64E8D14A27}.Release|Any CPU.Build.0 = Release|Any CPU
		{C888B5B4-56F2-C399-767B-C064D2CA26D4}.Debug|Any CPU.ActiveCfg = Debug|Any CPU
		{C888B5B4-56F2-C399-767B-C064D2CA26D4}.Debug|Any CPU.Build.0 = Debug|Any CPU
		{C888B5B4-56F2-C399-767B-C064D2CA26D4}.Release|Any CPU.ActiveCfg = Release|Any CPU
		{C888B5B4-56F2-C399-767B-C064D2CA26D4}.Release|Any CPU.Build.0 = Release|Any CPU
		{9A1D8A13-B147-982D-32C8-BE17B4DD4B57}.Debug|Any CPU.ActiveCfg = Debug|Any CPU
		{9A1D8A13-B147-982D-32C8-BE17B4DD4B57}.Debug|Any CPU.Build.0 = Debug|Any CPU
		{9A1D8A13-B147-982D-32C8-BE17B4DD4B57}.Release|Any CPU.ActiveCfg = Release|Any CPU
		{9A1D8A13-B147-982D-32C8-BE17B4DD4B57}.Release|Any CPU.Build.0 = Release|Any CPU
	EndGlobalSection
	GlobalSection(SolutionProperties) = preSolution
		HideSolutionNode = FALSE
	EndGlobalSection
			GlobalSection(MonoDevelopProperties) = preSolution
		StartupItem = Assembly-CSharp.csproj
		Policies = $0
		$0.TextStylePolicy = $1
		$1.inheritsSet = null
		$1.scope = text/x-csharp
		$0.CSharpFormattingPolicy = $2
		$2.inheritsSet = Mono
		$2.inheritsScope = text/x-csharp
		$2.scope = text/x-csharp
		$0.TextStylePolicy = $3
		$3.FileWidth = 120
		$3.TabWidth = 4
		$3.EolMarker = Unix
		$3.inheritsSet = Mono
		$3.inheritsScope = text/plain
		$3.scope = text/plain
	EndGlobalSection

EndGlobal
