Microsoft Visual Studio Solution File, Format Version 11.00
# Visual Studio 2008

Project("{29468C54-1113-E89B-60E4-FA96EC450995}") = "homework3", "Assembly-CSharp-firstpass.csproj", "{9F1488D8-FA63-49DA-71D7-E6760B7829DA}"
EndProject
Project("{29468C54-1113-E89B-60E4-FA96EC450995}") = "homework3", "Assembly-UnityScript-firstpass.unityproj", "{AFDD660C-4C9F-F6CA-6E46-1A7870487270}"
EndProject
Project("{29468C54-1113-E89B-60E4-FA96EC450995}") = "homework3", "Assembly-UnityScript.unityproj", "{9517F8B8-50B0-9A78-E1A1-244F7FFD9816}"
EndProject
Global
	GlobalSection(SolutionConfigurationPlatforms) = preSolution
		Debug|Any CPU = Debug|Any CPU
		Release|Any CPU = Release|Any CPU
	EndGlobalSection
	GlobalSection(ProjectConfigurationPlatforms) = postSolution
		{9F1488D8-FA63-49DA-71D7-E6760B7829DA}.Debug|Any CPU.ActiveCfg = Debug|Any CPU
		{9F1488D8-FA63-49DA-71D7-E6760B7829DA}.Debug|Any CPU.Build.0 = Debug|Any CPU
		{9F1488D8-FA63-49DA-71D7-E6760B7829DA}.Release|Any CPU.ActiveCfg = Release|Any CPU
		{9F1488D8-FA63-49DA-71D7-E6760B7829DA}.Release|Any CPU.Build.0 = Release|Any CPU
		{AFDD660C-4C9F-F6CA-6E46-1A7870487270}.Debug|Any CPU.ActiveCfg = Debug|Any CPU
		{AFDD660C-4C9F-F6CA-6E46-1A7870487270}.Debug|Any CPU.Build.0 = Debug|Any CPU
		{AFDD660C-4C9F-F6CA-6E46-1A7870487270}.Release|Any CPU.ActiveCfg = Release|Any CPU
		{AFDD660C-4C9F-F6CA-6E46-1A7870487270}.Release|Any CPU.Build.0 = Release|Any CPU
		{9517F8B8-50B0-9A78-E1A1-244F7FFD9816}.Debug|Any CPU.ActiveCfg = Debug|Any CPU
		{9517F8B8-50B0-9A78-E1A1-244F7FFD9816}.Debug|Any CPU.Build.0 = Debug|Any CPU
		{9517F8B8-50B0-9A78-E1A1-244F7FFD9816}.Release|Any CPU.ActiveCfg = Release|Any CPU
		{9517F8B8-50B0-9A78-E1A1-244F7FFD9816}.Release|Any CPU.Build.0 = Release|Any CPU
	EndGlobalSection
	GlobalSection(SolutionProperties) = preSolution
		HideSolutionNode = FALSE
	EndGlobalSection
																GlobalSection(MonoDevelopProperties) = preSolution
		StartupItem = Assembly-CSharp.csproj
		Policies = $0
		$0.TextStylePolicy = $1
		$1.inheritsSet = null
		$1.scope = text/x-csharp
		$0.CSharpFormattingPolicy = $2
		$2.inheritsSet = Mono
		$2.inheritsScope = text/x-csharp
		$2.scope = text/x-csharp
		$0.TextStylePolicy = $3
		$3.FileWidth = 120
		$3.TabWidth = 4
		$3.EolMarker = Unix
		$3.inheritsSet = Mono
		$3.inheritsScope = text/plain
		$3.scope = text/plain
	EndGlobalSection

EndGlobal
